
Microsoft Visual Studio Solution File, Format Version 12.00
# Visual Studio Version 16
VisualStudioVersion = 16.0.29806.167
MinimumVisualStudioVersion = 10.0.40219.1
Project("{FAE04EC0-301F-11D3-BF4B-00C04F79EFBC}") = "IGN", "IGN\IGN.csproj", "{23844C9C-1BFA-4B1E-882D-0BA10F4D1210}"
EndProject
Project("{FAE04EC0-301F-11D3-BF4B-00C04F79EFBC}") = "IGNConsole", "IGNConsole\IGNConsole.csproj", "{DF324DAE-FF89-4438-9064-DAC2075DE98B}"
EndProject
Project("{FAE04EC0-301F-11D3-BF4B-00C04F79EFBC}") = "IGNView", "IGNView\IGNView.csproj", "{4274CEC8-4F3F-4DD7-BB1F-E74530435BD4}"
EndProject
Project("{9A19103F-16F7-4668-BE54-9A1E7A4F7556}") = "IGNConsole2", "IGNConsole2\IGNConsole2.csproj", "{54B6DB86-A533-48BF-9E5A-A29E952E6233}"
EndProject
Project("{9A19103F-16F7-4668-BE54-9A1E7A4F7556}") = "IGNConsoleFon", "IGNConsoleFon\IGNConsoleFon.csproj", "{05AF5764-2019-403D-868F-C92CC7AFB300}"
EndProject
Project("{9A19103F-16F7-4668-BE54-9A1E7A4F7556}") = "IGNConsoleRight", "IGNConsoleRight\IGNConsoleRight.csproj", "{845695A8-5049-46CC-A5E1-1628607BA0D7}"
EndProject
Project("{9A19103F-16F7-4668-BE54-9A1E7A4F7556}") = "IGNConsoleT2Mas", "IGNConsoleT2Mas\IGNConsoleT2Mas.csproj", "{EE984F27-0FF1-4CEF-812F-FC5391045C19}"
EndProject
Project("{9A19103F-16F7-4668-BE54-9A1E7A4F7556}") = "IGNConsoleT2MasS", "IGNConsoleT2MasS\IGNConsoleT2MasS.csproj", "{FD04DA8A-D357-46D1-9426-4FB5D84CD26A}"
EndProject
Project("{FAE04EC0-301F-11D3-BF4B-00C04F79EFBC}") = "IGNViewNew", "IGNViewNew\IGNViewNew.csproj", "{0C39BF0B-0FD6-4A11-BB31-5084B9E5D34B}"
EndProject
Project("{FAE04EC0-301F-11D3-BF4B-00C04F79EFBC}") = "IGNConsoleTest", "IGNConsoleTest\IGNConsoleTest.csproj", "{B9E1F1E4-ADD2-4595-9407-BE6CB8731E33}"
EndProject
Project("{FAE04EC0-301F-11D3-BF4B-00C04F79EFBC}") = "IGNViewNew2", "IGNViewNew2\IGNViewNew2.csproj", "{C8B38A0D-A162-409C-9D3D-C0EAFCCFA480}"
EndProject
Project("{FAE04EC0-301F-11D3-BF4B-00C04F79EFBC}") = "IGNViewNew3", "IGNViewNew3\IGNViewNew3.csproj", "{7298B7BA-F96C-4C6A-BEEB-542949F76DB9}"
EndProject
Project("{FAE04EC0-301F-11D3-BF4B-00C04F79EFBC}") = "IGN2PNGConsole", "IGN2PNGConsole\IGN2PNGConsole.csproj", "{4002D867-A3EA-4FDC-A36D-5014C82ED109}"
EndProject
Global
	GlobalSection(SolutionConfigurationPlatforms) = preSolution
		Debug|Any CPU = Debug|Any CPU
		Release|Any CPU = Release|Any CPU
	EndGlobalSection
	GlobalSection(ProjectConfigurationPlatforms) = postSolution
		{23844C9C-1BFA-4B1E-882D-0BA10F4D1210}.Debug|Any CPU.ActiveCfg = Debug|Any CPU
		{23844C9C-1BFA-4B1E-882D-0BA10F4D1210}.Debug|Any CPU.Build.0 = Debug|Any CPU
		{23844C9C-1BFA-4B1E-882D-0BA10F4D1210}.Release|Any CPU.ActiveCfg = Release|Any CPU
		{23844C9C-1BFA-4B1E-882D-0BA10F4D1210}.Release|Any CPU.Build.0 = Release|Any CPU
		{DF324DAE-FF89-4438-9064-DAC2075DE98B}.Debug|Any CPU.ActiveCfg = Debug|Any CPU
		{DF324DAE-FF89-4438-9064-DAC2075DE98B}.Debug|Any CPU.Build.0 = Debug|Any CPU
		{DF324DAE-FF89-4438-9064-DAC2075DE98B}.Release|Any CPU.ActiveCfg = Release|Any CPU
		{DF324DAE-FF89-4438-9064-DAC2075DE98B}.Release|Any CPU.Build.0 = Release|Any CPU
		{4274CEC8-4F3F-4DD7-BB1F-E74530435BD4}.Debug|Any CPU.ActiveCfg = Debug|Any CPU
		{4274CEC8-4F3F-4DD7-BB1F-E74530435BD4}.Debug|Any CPU.Build.0 = Debug|Any CPU
		{4274CEC8-4F3F-4DD7-BB1F-E74530435BD4}.Release|Any CPU.ActiveCfg = Release|Any CPU
		{4274CEC8-4F3F-4DD7-BB1F-E74530435BD4}.Release|Any CPU.Build.0 = Release|Any CPU
		{54B6DB86-A533-48BF-9E5A-A29E952E6233}.Debug|Any CPU.ActiveCfg = Debug|Any CPU
		{54B6DB86-A533-48BF-9E5A-A29E952E6233}.Debug|Any CPU.Build.0 = Debug|Any CPU
		{54B6DB86-A533-48BF-9E5A-A29E952E6233}.Release|Any CPU.ActiveCfg = Release|Any CPU
		{54B6DB86-A533-48BF-9E5A-A29E952E6233}.Release|Any CPU.Build.0 = Release|Any CPU
		{05AF5764-2019-403D-868F-C92CC7AFB300}.Debug|Any CPU.ActiveCfg = Debug|Any CPU
		{05AF5764-2019-403D-868F-C92CC7AFB300}.Debug|Any CPU.Build.0 = Debug|Any CPU
		{05AF5764-2019-403D-868F-C92CC7AFB300}.Release|Any CPU.ActiveCfg = Release|Any CPU
		{05AF5764-2019-403D-868F-C92CC7AFB300}.Release|Any CPU.Build.0 = Release|Any CPU
		{845695A8-5049-46CC-A5E1-1628607BA0D7}.Debug|Any CPU.ActiveCfg = Debug|Any CPU
		{845695A8-5049-46CC-A5E1-1628607BA0D7}.Debug|Any CPU.Build.0 = Debug|Any CPU
		{845695A8-5049-46CC-A5E1-1628607BA0D7}.Release|Any CPU.ActiveCfg = Release|Any CPU
		{845695A8-5049-46CC-A5E1-1628607BA0D7}.Release|Any CPU.Build.0 = Release|Any CPU
		{EE984F27-0FF1-4CEF-812F-FC5391045C19}.Debug|Any CPU.ActiveCfg = Debug|Any CPU
		{EE984F27-0FF1-4CEF-812F-FC5391045C19}.Debug|Any CPU.Build.0 = Debug|Any CPU
		{EE984F27-0FF1-4CEF-812F-FC5391045C19}.Release|Any CPU.ActiveCfg = Release|Any CPU
		{EE984F27-0FF1-4CEF-812F-FC5391045C19}.Release|Any CPU.Build.0 = Release|Any CPU
		{FD04DA8A-D357-46D1-9426-4FB5D84CD26A}.Debug|Any CPU.ActiveCfg = Debug|Any CPU
		{FD04DA8A-D357-46D1-9426-4FB5D84CD26A}.Debug|Any CPU.Build.0 = Debug|Any CPU
		{FD04DA8A-D357-46D1-9426-4FB5D84CD26A}.Release|Any CPU.ActiveCfg = Release|Any CPU
		{FD04DA8A-D357-46D1-9426-4FB5D84CD26A}.Release|Any CPU.Build.0 = Release|Any CPU
		{0C39BF0B-0FD6-4A11-BB31-5084B9E5D34B}.Debug|Any CPU.ActiveCfg = Debug|Any CPU
		{0C39BF0B-0FD6-4A11-BB31-5084B9E5D34B}.Debug|Any CPU.Build.0 = Debug|Any CPU
		{0C39BF0B-0FD6-4A11-BB31-5084B9E5D34B}.Release|Any CPU.ActiveCfg = Release|Any CPU
		{0C39BF0B-0FD6-4A11-BB31-5084B9E5D34B}.Release|Any CPU.Build.0 = Release|Any CPU
		{B9E1F1E4-ADD2-4595-9407-BE6CB8731E33}.Debug|Any CPU.ActiveCfg = Debug|Any CPU
		{B9E1F1E4-ADD2-4595-9407-BE6CB8731E33}.Debug|Any CPU.Build.0 = Debug|Any CPU
		{B9E1F1E4-ADD2-4595-9407-BE6CB8731E33}.Release|Any CPU.ActiveCfg = Release|Any CPU
		{B9E1F1E4-ADD2-4595-9407-BE6CB8731E33}.Release|Any CPU.Build.0 = Release|Any CPU
		{C8B38A0D-A162-409C-9D3D-C0EAFCCFA480}.Debug|Any CPU.ActiveCfg = Debug|Any CPU
		{C8B38A0D-A162-409C-9D3D-C0EAFCCFA480}.Debug|Any CPU.Build.0 = Debug|Any CPU
		{C8B38A0D-A162-409C-9D3D-C0EAFCCFA480}.Release|Any CPU.ActiveCfg = Release|Any CPU
		{C8B38A0D-A162-409C-9D3D-C0EAFCCFA480}.Release|Any CPU.Build.0 = Release|Any CPU
		{7298B7BA-F96C-4C6A-BEEB-542949F76DB9}.Debug|Any CPU.ActiveCfg = Debug|Any CPU
		{7298B7BA-F96C-4C6A-BEEB-542949F76DB9}.Debug|Any CPU.Build.0 = Debug|Any CPU
		{7298B7BA-F96C-4C6A-BEEB-542949F76DB9}.Release|Any CPU.ActiveCfg = Release|Any CPU
		{7298B7BA-F96C-4C6A-BEEB-542949F76DB9}.Release|Any CPU.Build.0 = Release|Any CPU
		{4002D867-A3EA-4FDC-A36D-5014C82ED109}.Debug|Any CPU.ActiveCfg = Debug|Any CPU
		{4002D867-A3EA-4FDC-A36D-5014C82ED109}.Debug|Any CPU.Build.0 = Debug|Any CPU
		{4002D867-A3EA-4FDC-A36D-5014C82ED109}.Release|Any CPU.ActiveCfg = Release|Any CPU
		{4002D867-A3EA-4FDC-A36D-5014C82ED109}.Release|Any CPU.Build.0 = Release|Any CPU
	EndGlobalSection
	GlobalSection(SolutionProperties) = preSolution
		HideSolutionNode = FALSE
	EndGlobalSection
	GlobalSection(ExtensibilityGlobals) = postSolution
		SolutionGuid = {C3B0CF2B-DFF9-42DA-A0B5-30F52C718F96}
	EndGlobalSection
EndGlobal
