
Microsoft Visual Studio Solution File, Format Version 12.00
# Visual Studio Version 16
VisualStudioVersion = 16.0.29806.167
MinimumVisualStudioVersion = 10.0.40219.1
Project("{FAE04EC0-301F-11D3-BF4B-00C04F79EFBC}") = "IGN", "IGN\IGN.csproj", "{23844C9C-1BFA-4B1E-882D-0BA10F4D1210}"
EndProject
Project("{FAE04EC0-301F-11D3-BF4B-00C04F79EFBC}") = "IGNConsole", "IGNConsole\IGNConsole.csproj", "{DF324DAE-FF89-4438-9064-DAC2075DE98B}"
EndProject
Project("{FAE04EC0-301F-11D3-BF4B-00C04F79EFBC}") = "IGNView", "IGNView\IGNView.csproj", "{4274CEC8-4F3F-4DD7-BB1F-E74530435BD4}"
EndProject
Project("{FAE04EC0-301F-11D3-BF4B-00C04F79EFBC}") = "IGNConsole2", "IGNConsole2\IGNConsole2.csproj", "{54B6DB86-A533-48BF-9E5A-A29E952E6233}"
EndProject
Project("{FAE04EC0-301F-11D3-BF4B-00C04F79EFBC}") = "IGNConsoleFon", "IGNConsoleFon\IGNConsoleFon.csproj", "{05AF5764-2019-403D-868F-C92CC7AFB300}"
EndProject
Project("{FAE04EC0-301F-11D3-BF4B-00C04F79EFBC}") = "IGNConsoleRight", "IGNConsoleRight\IGNConsoleRight.csproj", "{845695A8-5049-46CC-A5E1-1628607BA0D7}"
EndProject
Global
	GlobalSection(SolutionConfigurationPlatforms) = preSolution
		Debug|Any CPU = Debug|Any CPU
		Release|Any CPU = Release|Any CPU
	EndGlobalSection
	GlobalSection(ProjectConfigurationPlatforms) = postSolution
		{23844C9C-1BFA-4B1E-882D-0BA10F4D1210}.Debug|Any CPU.ActiveCfg = Debug|Any CPU
		{23844C9C-1BFA-4B1E-882D-0BA10F4D1210}.Debug|Any CPU.Build.0 = Debug|Any CPU
		{23844C9C-1BFA-4B1E-882D-0BA10F4D1210}.Release|Any CPU.ActiveCfg = Release|Any CPU
		{23844C9C-1BFA-4B1E-882D-0BA10F4D1210}.Release|Any CPU.Build.0 = Release|Any CPU
		{DF324DAE-FF89-4438-9064-DAC2075DE98B}.Debug|Any CPU.ActiveCfg = Debug|Any CPU
		{DF324DAE-FF89-4438-9064-DAC2075DE98B}.Debug|Any CPU.Build.0 = Debug|Any CPU
		{DF324DAE-FF89-4438-9064-DAC2075DE98B}.Release|Any CPU.ActiveCfg = Release|Any CPU
		{DF324DAE-FF89-4438-9064-DAC2075DE98B}.Release|Any CPU.Build.0 = Release|Any CPU
		{4274CEC8-4F3F-4DD7-BB1F-E74530435BD4}.Debug|Any CPU.ActiveCfg = Debug|Any CPU
		{4274CEC8-4F3F-4DD7-BB1F-E74530435BD4}.Debug|Any CPU.Build.0 = Debug|Any CPU
		{4274CEC8-4F3F-4DD7-BB1F-E74530435BD4}.Release|Any CPU.ActiveCfg = Release|Any CPU
		{4274CEC8-4F3F-4DD7-BB1F-E74530435BD4}.Release|Any CPU.Build.0 = Release|Any CPU
		{54B6DB86-A533-48BF-9E5A-A29E952E6233}.Debug|Any CPU.ActiveCfg = Debug|Any CPU
		{54B6DB86-A533-48BF-9E5A-A29E952E6233}.Debug|Any CPU.Build.0 = Debug|Any CPU
		{54B6DB86-A533-48BF-9E5A-A29E952E6233}.Release|Any CPU.ActiveCfg = Release|Any CPU
		{54B6DB86-A533-48BF-9E5A-A29E952E6233}.Release|Any CPU.Build.0 = Release|Any CPU
		{05AF5764-2019-403D-868F-C92CC7AFB300}.Debug|Any CPU.ActiveCfg = Debug|Any CPU
		{05AF5764-2019-403D-868F-C92CC7AFB300}.Debug|Any CPU.Build.0 = Debug|Any CPU
		{05AF5764-2019-403D-868F-C92CC7AFB300}.Release|Any CPU.ActiveCfg = Release|Any CPU
		{05AF5764-2019-403D-868F-C92CC7AFB300}.Release|Any CPU.Build.0 = Release|Any CPU
		{845695A8-5049-46CC-A5E1-1628607BA0D7}.Debug|Any CPU.ActiveCfg = Debug|Any CPU
		{845695A8-5049-46CC-A5E1-1628607BA0D7}.Debug|Any CPU.Build.0 = Debug|Any CPU
		{845695A8-5049-46CC-A5E1-1628607BA0D7}.Release|Any CPU.ActiveCfg = Release|Any CPU
		{845695A8-5049-46CC-A5E1-1628607BA0D7}.Release|Any CPU.Build.0 = Release|Any CPU
	EndGlobalSection
	GlobalSection(SolutionProperties) = preSolution
		HideSolutionNode = FALSE
	EndGlobalSection
	GlobalSection(ExtensibilityGlobals) = postSolution
		SolutionGuid = {C3B0CF2B-DFF9-42DA-A0B5-30F52C718F96}
	EndGlobalSection
EndGlobal
